Microsoft Visual Studio Solution File, Format Version 12.00
# Visual Studio Version 17
VisualStudioVersion = 17.12.35527.113
MinimumVisualStudioVersion = 10.0.40219.1
Project("{2150E333-8FDC-42A3-9474-1A3956D46DE8}") = "build", "build", "{1A7118EA-D78E-4724-91D4-4EFE9054D97E}"
	ProjectSection(SolutionItems) = preProject
		build\common.props = build\common.props
	EndProjectSection
EndProject
Project("{FAE04EC0-301F-11D3-BF4B-00C04F79EFBC}") = "MutableString", "src\MutableString\MutableString.csproj", "{1FAA1F51-0A7A-44CF-88FE-AFE85FCD26BA}"
EndProject
Project("{FAE04EC0-301F-11D3-BF4B-00C04F79EFBC}") = "MutableString.Tests", "tests\MutableString.Tests\MutableString.Tests.csproj", "{CE345676-1F37-46DA-AD19-AB9F7DB603A8}"
EndProject
Project("{FAE04EC0-301F-11D3-BF4B-00C04F79EFBC}") = "MutableString.Benchmark", "benchmarks\MutableString.Benchmark\MutableString.Benchmark.csproj", "{AF28D4D7-60EC-48E3-8F48-CD9AAAC689FB}"
EndProject
Global
	GlobalSection(SolutionConfigurationPlatforms) = preSolution
		Debug|Any CPU = Debug|Any CPU
		Release|Any CPU = Release|Any CPU
	EndGlobalSection
	GlobalSection(ProjectConfigurationPlatforms) = postSolution
		{1FAA1F51-0A7A-44CF-88FE-AFE85FCD26BA}.Debug|Any CPU.ActiveCfg = Debug|Any CPU
		{1FAA1F51-0A7A-44CF-88FE-AFE85FCD26BA}.Debug|Any CPU.Build.0 = Debug|Any CPU
		{1FAA1F51-0A7A-44CF-88FE-AFE85FCD26BA}.Release|Any CPU.ActiveCfg = Release|Any CPU
		{1FAA1F51-0A7A-44CF-88FE-AFE85FCD26BA}.Release|Any CPU.Build.0 = Release|Any CPU
		{CE345676-1F37-46DA-AD19-AB9F7DB603A8}.Debug|Any CPU.ActiveCfg = Debug|Any CPU
		{CE345676-1F37-46DA-AD19-AB9F7DB603A8}.Debug|Any CPU.Build.0 = Debug|Any CPU
		{CE345676-1F37-46DA-AD19-AB9F7DB603A8}.Release|Any CPU.ActiveCfg = Release|Any CPU
		{CE345676-1F37-46DA-AD19-AB9F7DB603A8}.Release|Any CPU.Build.0 = Release|Any CPU
		{AF28D4D7-60EC-48E3-8F48-CD9AAAC689FB}.Debug|Any CPU.ActiveCfg = Debug|Any CPU
		{AF28D4D7-60EC-48E3-8F48-CD9AAAC689FB}.Debug|Any CPU.Build.0 = Debug|Any CPU
		{AF28D4D7-60EC-48E3-8F48-CD9AAAC689FB}.Release|Any CPU.ActiveCfg = Release|Any CPU
		{AF28D4D7-60EC-48E3-8F48-CD9AAAC689FB}.Release|Any CPU.Build.0 = Release|Any CPU
	EndGlobalSection
	GlobalSection(SolutionProperties) = preSolution
		HideSolutionNode = FALSE
	EndGlobalSection
EndGlobal
